
Microsoft Visual Studio Solution File, Format Version 12.00
# Visual Studio 2013
VisualStudioVersion = 12.0.21005.1
MinimumVisualStudioVersion = 10.0.40219.1
Project("{8BC9CEB8-8B4A-11D0-8D11-00A0C91BC942}") = "utils", "utils\utils.vcxproj", "{B48FEE74-732C-479B-9C17-457ED23CCA68}"
EndProject
Project("{8BC9CEB8-8B4A-11D0-8D11-00A0C91BC942}") = "test", "test\test.vcxproj", "{AA5152D4-4EE3-4A32-8CF5-FE697FB864DD}"
	ProjectSection(ProjectDependencies) = postProject
		{B48FEE74-732C-479B-9C17-457ED23CCA68} = {B48FEE74-732C-479B-9C17-457ED23CCA68}
	EndProjectSection
EndProject
Global
	GlobalSection(SolutionConfigurationPlatforms) = preSolution
		Debug|Win32 = Debug|Win32
		Release|Win32 = Release|Win32
	EndGlobalSection
	GlobalSection(ProjectConfigurationPlatforms) = postSolution
		{B48FEE74-732C-479B-9C17-457ED23CCA68}.Debug|Win32.ActiveCfg = Debug|Win32
		{B48FEE74-732C-479B-9C17-457ED23CCA68}.Debug|Win32.Build.0 = Debug|Win32
		{B48FEE74-732C-479B-9C17-457ED23CCA68}.Release|Win32.ActiveCfg = Release|Win32
		{B48FEE74-732C-479B-9C17-457ED23CCA68}.Release|Win32.Build.0 = Release|Win32
		{AA5152D4-4EE3-4A32-8CF5-FE697FB864DD}.Debug|Win32.ActiveCfg = Debug|Win32
		{AA5152D4-4EE3-4A32-8CF5-FE697FB864DD}.Debug|Win32.Build.0 = Debug|Win32
		{AA5152D4-4EE3-4A32-8CF5-FE697FB864DD}.Release|Win32.ActiveCfg = Release|Win32
		{AA5152D4-4EE3-4A32-8CF5-FE697FB864DD}.Release|Win32.Build.0 = Release|Win32
	EndGlobalSection
	GlobalSection(SolutionProperties) = preSolution
		HideSolutionNode = FALSE
	EndGlobalSection
EndGlobal
