<?xml version="1.0" encoding="utf-8"?>
<Project ToolsVersion="4.0" xmlns="http://schemas.microsoft.com/developer/msbuild/2003">
  <ItemGroup>
    <Filter Include="Source Files">
      <UniqueIdentifier>{4FC737F1-C7A5-4376-A066-2A32D752A2FF}</UniqueIdentifier>
      <Extensions>cpp;c;cc;cxx;def;odl;idl;hpj;bat;asm;asmx</Extensions>
    </Filter>
    <Filter Include="Header Files">
      <UniqueIdentifier>{93995380-89BD-4b04-88EB-625FBE52EBFB}</UniqueIdentifier>
      <Extensions>h;hh;hpp;hxx;hm;inl;inc;xsd</Extensions>
    </Filter>
    <Filter Include="Header Files\log">
      <UniqueIdentifier>{7817bf39-c83a-403f-80c4-6aae5df064e1}</UniqueIdentifier>
    </Filter>
    <Filter Include="Header Files\memory">
      <UniqueIdentifier>{b566e5cb-ccd1-4285-8973-47e36a0d2c3b}</UniqueIdentifier>
    </Filter>
    <Filter Include="Header Files\utility">
      <UniqueIdentifier>{1014be30-99bf-444c-8b40-fcd724dd76a3}</UniqueIdentifier>
    </Filter>
    <Filter Include="Source Files\test">
      <UniqueIdentifier>{da643dc9-614b-4a06-99db-8ce3e6a2a195}</UniqueIdentifier>
    </Filter>
    <Filter Include="Source Files\log">
      <UniqueIdentifier>{8aa1795f-f8c9-460e-b15f-470210a8dcf9}</UniqueIdentifier>
    </Filter>
  </ItemGroup>
  <ItemGroup>
    <ClInclude Include="..\include\platform.h">
      <Filter>Header Files</Filter>
    </ClInclude>
    <ClInclude Include="..\include\prereqs.h">
      <Filter>Header Files</Filter>
    </ClInclude>
    <ClInclude Include="..\include\log\ILogFormatter.h">
      <Filter>Header Files\log</Filter>
    </ClInclude>
    <ClInclude Include="..\include\log\LogMessage.h">
      <Filter>Header Files\log</Filter>
    </ClInclude>
    <ClInclude Include="..\include\log\LogWriter.h">
      <Filter>Header Files\log</Filter>
    </ClInclude>
    <ClInclude Include="..\include\log\StreamLogWriter.h">
      <Filter>Header Files\log</Filter>
    </ClInclude>
    <ClInclude Include="..\include\memory\memory.h">
      <Filter>Header Files\memory</Filter>
    </ClInclude>
    <ClInclude Include="..\include\memory\MemoryAllocator.h">
      <Filter>Header Files\memory</Filter>
    </ClInclude>
    <ClInclude Include="..\include\memory\MemoryCounter.h">
      <Filter>Header Files\memory</Filter>
    </ClInclude>
    <ClInclude Include="..\include\memory\StdLibAllocator.h">
      <Filter>Header Files\memory</Filter>
    </ClInclude>
    <ClInclude Include="..\include\utility\IHashable.h">
      <Filter>Header Files\utility</Filter>
    </ClInclude>
    <ClInclude Include="..\include\utility\IToString.h">
      <Filter>Header Files\utility</Filter>
    </ClInclude>
    <ClInclude Include="..\include\utility\Singleton.h">
      <Filter>Header Files\utility</Filter>
    </ClInclude>
    <ClInclude Include="..\include\utility\Singularity.h">
      <Filter>Header Files\utility</Filter>
    </ClInclude>
    <ClInclude Include="..\include\log\Log.h">
      <Filter>Header Files\log</Filter>
    </ClInclude>
  </ItemGroup>
  <ItemGroup>
    <ClCompile Include="..\test\test.cpp">
      <Filter>Source Files\test</Filter>
    </ClCompile>
    <ClCompile Include="..\src\log\Log.cpp">
      <Filter>Source Files\log</Filter>
    </ClCompile>
    <ClCompile Include="..\src\log\StreamLogWriter.cpp">
      <Filter>Source Files\log</Filter>
    </ClCompile>
    <ClCompile Include="..\src\log\LogMessage.cpp">
      <Filter>Source Files\log</Filter>
    </ClCompile>
    <ClCompile Include="..\src\log\LogWriter.cpp">
      <Filter>Source Files\log</Filter>
    </ClCompile>
  </ItemGroup>
</Project>