<?xml version="1.0" encoding="utf-8"?>
<Project ToolsVersion="4.0" xmlns="http://schemas.microsoft.com/developer/msbuild/2003">
  <ItemGroup>
    <Filter Include="Source Files">
      <UniqueIdentifier>{4FC737F1-C7A5-4376-A066-2A32D752A2FF}</UniqueIdentifier>
      <Extensions>cpp;c;cc;cxx;def;odl;idl;hpj;bat;asm;asmx</Extensions>
    </Filter>
    <Filter Include="Header Files">
      <UniqueIdentifier>{93995380-89BD-4b04-88EB-625FBE52EBFB}</UniqueIdentifier>
      <Extensions>h;hh;hpp;hxx;hm;inl;inc;xsd</Extensions>
    </Filter>
    <Filter Include="Header Files\memory">
      <UniqueIdentifier>{04cd8d68-e14d-4847-a92d-38beca248e7a}</UniqueIdentifier>
    </Filter>
    <Filter Include="Header Files\utility">
      <UniqueIdentifier>{7ac4f654-444a-40e3-9381-ec5f8f844992}</UniqueIdentifier>
    </Filter>
    <Filter Include="Header Files\log">
      <UniqueIdentifier>{09624bad-f5bb-48ce-a60e-d134e27d9513}</UniqueIdentifier>
    </Filter>
    <Filter Include="Source Files\log">
      <UniqueIdentifier>{fdb3c344-7744-4b8f-aff8-d2e27ffdb88b}</UniqueIdentifier>
    </Filter>
  </ItemGroup>
  <ItemGroup>
    <ClInclude Include="include\platform.h">
      <Filter>Header Files</Filter>
    </ClInclude>
    <ClInclude Include="include\debug.h">
      <Filter>Header Files</Filter>
    </ClInclude>
    <ClInclude Include="include\prereqs.h">
      <Filter>Header Files</Filter>
    </ClInclude>
    <ClInclude Include="include\memory\MemoryCounter.h">
      <Filter>Header Files\memory</Filter>
    </ClInclude>
    <ClInclude Include="include\memory\MemoryAllocator.h">
      <Filter>Header Files\memory</Filter>
    </ClInclude>
    <ClInclude Include="include\memory\StdLibAllocator.h">
      <Filter>Header Files\memory</Filter>
    </ClInclude>
    <ClInclude Include="include\memory\memory.h">
      <Filter>Header Files\memory</Filter>
    </ClInclude>
    <ClInclude Include="include\utility\Singleton.h">
      <Filter>Header Files\utility</Filter>
    </ClInclude>
    <ClInclude Include="include\utility\Singularity.h">
      <Filter>Header Files\utility</Filter>
    </ClInclude>
    <ClInclude Include="include\log\LogMessage.h">
      <Filter>Header Files\log</Filter>
    </ClInclude>
    <ClInclude Include="include\log\ILogFormatter.h">
      <Filter>Header Files\log</Filter>
    </ClInclude>
    <ClInclude Include="include\log\LogWriter.h">
      <Filter>Header Files\log</Filter>
    </ClInclude>
    <ClInclude Include="include\log\StreamLogWriter.h">
      <Filter>Header Files\log</Filter>
    </ClInclude>
    <ClInclude Include="include\utility\IHashable.h">
      <Filter>Header Files\utility</Filter>
    </ClInclude>
    <ClInclude Include="include\utility\IToString.h">
      <Filter>Header Files\utility</Filter>
    </ClInclude>
  </ItemGroup>
  <ItemGroup>
    <ClCompile Include="src\log\StreamLogWriter.cpp">
      <Filter>Source Files\log</Filter>
    </ClCompile>
  </ItemGroup>
</Project>